
Microsoft Visual Studio Solution File, Format Version 12.00
# Visual Studio 2013
VisualStudioVersion = 12.0.30723.0
MinimumVisualStudioVersion = 10.0.40219.1
Project("{FAE04EC0-301F-11D3-BF4B-00C04F79EFBC}") = "FinalProject", "FinalProject\FinalProject.csproj", "{3E94041E-EEE4-487C-8B0C-4EB9F23225A8}"
EndProject
Project("{FAE04EC0-301F-11D3-BF4B-00C04F79EFBC}") = "UnitTestProject1", "UnitTestProject1\UnitTestProject1.csproj", "{DA17EAB1-1589-4E6C-86B3-680F0E90E04E}"
EndProject
Project("{FAE04EC0-301F-11D3-BF4B-00C04F79EFBC}") = "WebApplication1", "WebApplication1\WebApplication1.csproj", "{66EB4426-E09E-4C90-A060-D0ACCC00B279}"
EndProject
Global
	GlobalSection(SolutionConfigurationPlatforms) = preSolution
		Debug|Any CPU = Debug|Any CPU
		Release|Any CPU = Release|Any CPU
	EndGlobalSection
	GlobalSection(ProjectConfigurationPlatforms) = postSolution
		{3E94041E-EEE4-487C-8B0C-4EB9F23225A8}.Debug|Any CPU.ActiveCfg = Debug|Any CPU
		{3E94041E-EEE4-487C-8B0C-4EB9F23225A8}.Debug|Any CPU.Build.0 = Debug|Any CPU
		{3E94041E-EEE4-487C-8B0C-4EB9F23225A8}.Release|Any CPU.ActiveCfg = Release|Any CPU
		{3E94041E-EEE4-487C-8B0C-4EB9F23225A8}.Release|Any CPU.Build.0 = Release|Any CPU
		{DA17EAB1-1589-4E6C-86B3-680F0E90E04E}.Debug|Any CPU.ActiveCfg = Debug|Any CPU
		{DA17EAB1-1589-4E6C-86B3-680F0E90E04E}.Debug|Any CPU.Build.0 = Debug|Any CPU
		{DA17EAB1-1589-4E6C-86B3-680F0E90E04E}.Release|Any CPU.ActiveCfg = Release|Any CPU
		{DA17EAB1-1589-4E6C-86B3-680F0E90E04E}.Release|Any CPU.Build.0 = Release|Any CPU
		{66EB4426-E09E-4C90-A060-D0ACCC00B279}.Debug|Any CPU.ActiveCfg = Debug|Any CPU
		{66EB4426-E09E-4C90-A060-D0ACCC00B279}.Debug|Any CPU.Build.0 = Debug|Any CPU
		{66EB4426-E09E-4C90-A060-D0ACCC00B279}.Release|Any CPU.ActiveCfg = Release|Any CPU
		{66EB4426-E09E-4C90-A060-D0ACCC00B279}.Release|Any CPU.Build.0 = Release|Any CPU
	EndGlobalSection
	GlobalSection(SolutionProperties) = preSolution
		HideSolutionNode = FALSE
	EndGlobalSection
EndGlobal
